
Microsoft Visual Studio Solution File, Format Version 11.00
# Visual Studio 2010
Project("{FAE04EC0-301F-11D3-BF4B-00C04F79EFBC}") = "Rebus", "Rebus\Rebus.csproj", "{F57A06FA-F471-49C8-A92D-85D5A27055C4}"
EndProject
Project("{FAE04EC0-301F-11D3-BF4B-00C04F79EFBC}") = "Rebus.Castle.Windsor", "Rebus.Castle.Windsor\Rebus.Castle.Windsor.csproj", "{2178D256-94D6-4443-B23B-53F723184441}"
EndProject
Project("{FAE04EC0-301F-11D3-BF4B-00C04F79EFBC}") = "Rebus.StructureMap", "Rebus.StructureMap\Rebus.StructureMap.csproj", "{D5263804-AD2A-40E3-B656-5132255883A8}"
EndProject
Project("{FAE04EC0-301F-11D3-BF4B-00C04F79EFBC}") = "Rebus.Log4Net", "Rebus.Log4net\Rebus.Log4Net.csproj", "{2AFAE434-5CD2-494E-8341-005CD637FE2D}"
EndProject
Global
	GlobalSection(SolutionConfigurationPlatforms) = preSolution
		Debug|Any CPU = Debug|Any CPU
		Debug|Mixed Platforms = Debug|Mixed Platforms
		Debug|x86 = Debug|x86
		Release|Any CPU = Release|Any CPU
		Release|Mixed Platforms = Release|Mixed Platforms
		Release|x86 = Release|x86
	EndGlobalSection
	GlobalSection(ProjectConfigurationPlatforms) = postSolution
		{F57A06FA-F471-49C8-A92D-85D5A27055C4}.Debug|Any CPU.ActiveCfg = Debug|Any CPU
		{F57A06FA-F471-49C8-A92D-85D5A27055C4}.Debug|Any CPU.Build.0 = Debug|Any CPU
		{F57A06FA-F471-49C8-A92D-85D5A27055C4}.Debug|Mixed Platforms.ActiveCfg = Debug|Any CPU
		{F57A06FA-F471-49C8-A92D-85D5A27055C4}.Debug|Mixed Platforms.Build.0 = Debug|Any CPU
		{F57A06FA-F471-49C8-A92D-85D5A27055C4}.Debug|x86.ActiveCfg = Debug|Any CPU
		{F57A06FA-F471-49C8-A92D-85D5A27055C4}.Release|Any CPU.ActiveCfg = Release|Any CPU
		{F57A06FA-F471-49C8-A92D-85D5A27055C4}.Release|Any CPU.Build.0 = Release|Any CPU
		{F57A06FA-F471-49C8-A92D-85D5A27055C4}.Release|Mixed Platforms.ActiveCfg = Release|Any CPU
		{F57A06FA-F471-49C8-A92D-85D5A27055C4}.Release|Mixed Platforms.Build.0 = Release|Any CPU
		{F57A06FA-F471-49C8-A92D-85D5A27055C4}.Release|x86.ActiveCfg = Release|Any CPU
		{2178D256-94D6-4443-B23B-53F723184441}.Debug|Any CPU.ActiveCfg = Debug|Any CPU
		{2178D256-94D6-4443-B23B-53F723184441}.Debug|Any CPU.Build.0 = Debug|Any CPU
		{2178D256-94D6-4443-B23B-53F723184441}.Debug|Mixed Platforms.ActiveCfg = Debug|Any CPU
		{2178D256-94D6-4443-B23B-53F723184441}.Debug|Mixed Platforms.Build.0 = Debug|Any CPU
		{2178D256-94D6-4443-B23B-53F723184441}.Debug|x86.ActiveCfg = Debug|Any CPU
		{2178D256-94D6-4443-B23B-53F723184441}.Release|Any CPU.ActiveCfg = Release|Any CPU
		{2178D256-94D6-4443-B23B-53F723184441}.Release|Any CPU.Build.0 = Release|Any CPU
		{2178D256-94D6-4443-B23B-53F723184441}.Release|Mixed Platforms.ActiveCfg = Release|Any CPU
		{2178D256-94D6-4443-B23B-53F723184441}.Release|Mixed Platforms.Build.0 = Release|Any CPU
		{2178D256-94D6-4443-B23B-53F723184441}.Release|x86.ActiveCfg = Release|Any CPU
		{D5263804-AD2A-40E3-B656-5132255883A8}.Debug|Any CPU.ActiveCfg = Debug|Any CPU
		{D5263804-AD2A-40E3-B656-5132255883A8}.Debug|Any CPU.Build.0 = Debug|Any CPU
		{D5263804-AD2A-40E3-B656-5132255883A8}.Debug|Mixed Platforms.ActiveCfg = Debug|Any CPU
		{D5263804-AD2A-40E3-B656-5132255883A8}.Debug|Mixed Platforms.Build.0 = Debug|Any CPU
		{D5263804-AD2A-40E3-B656-5132255883A8}.Debug|x86.ActiveCfg = Debug|Any CPU
		{D5263804-AD2A-40E3-B656-5132255883A8}.Release|Any CPU.ActiveCfg = Release|Any CPU
		{D5263804-AD2A-40E3-B656-5132255883A8}.Release|Any CPU.Build.0 = Release|Any CPU
		{D5263804-AD2A-40E3-B656-5132255883A8}.Release|Mixed Platforms.ActiveCfg = Release|Any CPU
		{D5263804-AD2A-40E3-B656-5132255883A8}.Release|Mixed Platforms.Build.0 = Release|Any CPU
		{D5263804-AD2A-40E3-B656-5132255883A8}.Release|x86.ActiveCfg = Release|Any CPU
		{2AFAE434-5CD2-494E-8341-005CD637FE2D}.Debug|Any CPU.ActiveCfg = Debug|Any CPU
		{2AFAE434-5CD2-494E-8341-005CD637FE2D}.Debug|Any CPU.Build.0 = Debug|Any CPU
		{2AFAE434-5CD2-494E-8341-005CD637FE2D}.Debug|Mixed Platforms.ActiveCfg = Debug|Any CPU
		{2AFAE434-5CD2-494E-8341-005CD637FE2D}.Debug|Mixed Platforms.Build.0 = Debug|Any CPU
		{2AFAE434-5CD2-494E-8341-005CD637FE2D}.Debug|x86.ActiveCfg = Debug|Any CPU
		{2AFAE434-5CD2-494E-8341-005CD637FE2D}.Release|Any CPU.ActiveCfg = Release|Any CPU
		{2AFAE434-5CD2-494E-8341-005CD637FE2D}.Release|Any CPU.Build.0 = Release|Any CPU
		{2AFAE434-5CD2-494E-8341-005CD637FE2D}.Release|Mixed Platforms.ActiveCfg = Release|Any CPU
		{2AFAE434-5CD2-494E-8341-005CD637FE2D}.Release|Mixed Platforms.Build.0 = Release|Any CPU
		{2AFAE434-5CD2-494E-8341-005CD637FE2D}.Release|x86.ActiveCfg = Release|Any CPU
	EndGlobalSection
	GlobalSection(SolutionProperties) = preSolution
		HideSolutionNode = FALSE
	EndGlobalSection
EndGlobal
