
Microsoft Visual Studio Solution File, Format Version 11.00
# Visual Studio 2010
Project("{FAE04EC0-301F-11D3-BF4B-00C04F79EFBC}") = "Basic", "Basic\Basic\Basic.csproj", "{9F3C8C2B-F974-4E33-8593-7B2B06654577}"
EndProject
Project("{FAE04EC0-301F-11D3-BF4B-00C04F79EFBC}") = "BlogEngine.Core", "BlogEngine\BlogEngine.Core\BlogEngine.Core.csproj", "{9ED9914A-FB6E-4D21-8C71-9122E8C3076B}"
EndProject
Project("{E24C65DC-7377-472B-9ABA-BC803B73C61A}") = "BlogEngine.NET", "BlogEngine\BlogEngine.NET\", "{FF5EDCAF-FAE3-404E-B4BB-68588D5701E5}"
	ProjectSection(WebsiteProperties) = preProject
		SccProjectName = ""
		SccAuxPath = ""
		SccLocalPath = ""
		SccProvider = ""
		TargetFrameworkMoniker = ".NETFramework,Version%3Dv4.0"
		ProjectReferences = "{9ED9914A-FB6E-4D21-8C71-9122E8C3076B}|BlogEngine.Core.dll;"
		Debug.AspNetCompiler.VirtualPath = "/BlogEngine.NET"
		Debug.AspNetCompiler.PhysicalPath = "BlogEngine\BlogEngine.NET\"
		Debug.AspNetCompiler.TargetPath = "PrecompiledWeb\BlogEngine.NET\"
		Debug.AspNetCompiler.Updateable = "true"
		Debug.AspNetCompiler.ForceOverwrite = "true"
		Debug.AspNetCompiler.FixedNames = "false"
		Debug.AspNetCompiler.Debug = "True"
		Release.AspNetCompiler.VirtualPath = "/BlogEngine.NET"
		Release.AspNetCompiler.PhysicalPath = "BlogEngine\BlogEngine.NET\"
		Release.AspNetCompiler.TargetPath = "PrecompiledWeb\BlogEngine.NET\"
		Release.AspNetCompiler.Updateable = "true"
		Release.AspNetCompiler.ForceOverwrite = "true"
		Release.AspNetCompiler.FixedNames = "false"
		Release.AspNetCompiler.Debug = "False"
		VWDPort = "53265"
		VWDVirtualPath = "/"
	EndProjectSection
EndProject
Project("{FAE04EC0-301F-11D3-BF4B-00C04F79EFBC}") = "Rebus", "Rebus\Rebus\Rebus.csproj", "{F57A06FA-F471-49C8-A92D-85D5A27055C4}"
EndProject
Project("{FAE04EC0-301F-11D3-BF4B-00C04F79EFBC}") = "Rebus.Castle.Windsor", "Rebus\Rebus.Castle.Windsor\Rebus.Castle.Windsor.csproj", "{2178D256-94D6-4443-B23B-53F723184441}"
EndProject
Project("{FAE04EC0-301F-11D3-BF4B-00C04F79EFBC}") = "Rebus.Log4Net", "Rebus\Rebus.Log4net\Rebus.Log4Net.csproj", "{2AFAE434-5CD2-494E-8341-005CD637FE2D}"
EndProject
Project("{FAE04EC0-301F-11D3-BF4B-00C04F79EFBC}") = "Rebus.StructureMap", "Rebus\Rebus.StructureMap\Rebus.StructureMap.csproj", "{D5263804-AD2A-40E3-B656-5132255883A8}"
EndProject
Project("{FAE04EC0-301F-11D3-BF4B-00C04F79EFBC}") = "ReSharperCourse", "Rebus\ReSharperCourse\ReSharperCourse.csproj", "{3769855C-E03E-44D7-B490-80975361937F}"
EndProject
Project("{FAE04EC0-301F-11D3-BF4B-00C04F79EFBC}") = "Tennis", "Tennis\Tennis\Tennis.csproj", "{B374D4EC-C0ED-47F8-9896-A1513A81770A}"
EndProject
Project("{FAE04EC0-301F-11D3-BF4B-00C04F79EFBC}") = "Context", "Context\Context\Context.csproj", "{EA23D492-44B0-4FC2-8254-9F66AEA10ADF}"
EndProject
Global
	GlobalSection(SolutionConfigurationPlatforms) = preSolution
		Debug|Any CPU = Debug|Any CPU
		Release|Any CPU = Release|Any CPU
	EndGlobalSection
	GlobalSection(ProjectConfigurationPlatforms) = postSolution
		{9F3C8C2B-F974-4E33-8593-7B2B06654577}.Debug|Any CPU.ActiveCfg = Debug|Any CPU
		{9F3C8C2B-F974-4E33-8593-7B2B06654577}.Debug|Any CPU.Build.0 = Debug|Any CPU
		{9F3C8C2B-F974-4E33-8593-7B2B06654577}.Release|Any CPU.ActiveCfg = Release|Any CPU
		{9F3C8C2B-F974-4E33-8593-7B2B06654577}.Release|Any CPU.Build.0 = Release|Any CPU
		{9ED9914A-FB6E-4D21-8C71-9122E8C3076B}.Debug|Any CPU.ActiveCfg = Debug|Any CPU
		{9ED9914A-FB6E-4D21-8C71-9122E8C3076B}.Debug|Any CPU.Build.0 = Debug|Any CPU
		{9ED9914A-FB6E-4D21-8C71-9122E8C3076B}.Release|Any CPU.ActiveCfg = Release|Any CPU
		{9ED9914A-FB6E-4D21-8C71-9122E8C3076B}.Release|Any CPU.Build.0 = Release|Any CPU
		{FF5EDCAF-FAE3-404E-B4BB-68588D5701E5}.Debug|Any CPU.ActiveCfg = Debug|Any CPU
		{FF5EDCAF-FAE3-404E-B4BB-68588D5701E5}.Debug|Any CPU.Build.0 = Debug|Any CPU
		{FF5EDCAF-FAE3-404E-B4BB-68588D5701E5}.Release|Any CPU.ActiveCfg = Debug|Any CPU
		{FF5EDCAF-FAE3-404E-B4BB-68588D5701E5}.Release|Any CPU.Build.0 = Debug|Any CPU
		{F57A06FA-F471-49C8-A92D-85D5A27055C4}.Debug|Any CPU.ActiveCfg = Debug|Any CPU
		{F57A06FA-F471-49C8-A92D-85D5A27055C4}.Debug|Any CPU.Build.0 = Debug|Any CPU
		{F57A06FA-F471-49C8-A92D-85D5A27055C4}.Release|Any CPU.ActiveCfg = Release|Any CPU
		{F57A06FA-F471-49C8-A92D-85D5A27055C4}.Release|Any CPU.Build.0 = Release|Any CPU
		{2178D256-94D6-4443-B23B-53F723184441}.Debug|Any CPU.ActiveCfg = Debug|Any CPU
		{2178D256-94D6-4443-B23B-53F723184441}.Debug|Any CPU.Build.0 = Debug|Any CPU
		{2178D256-94D6-4443-B23B-53F723184441}.Release|Any CPU.ActiveCfg = Release|Any CPU
		{2178D256-94D6-4443-B23B-53F723184441}.Release|Any CPU.Build.0 = Release|Any CPU
		{2AFAE434-5CD2-494E-8341-005CD637FE2D}.Debug|Any CPU.ActiveCfg = Debug|Any CPU
		{2AFAE434-5CD2-494E-8341-005CD637FE2D}.Debug|Any CPU.Build.0 = Debug|Any CPU
		{2AFAE434-5CD2-494E-8341-005CD637FE2D}.Release|Any CPU.ActiveCfg = Release|Any CPU
		{2AFAE434-5CD2-494E-8341-005CD637FE2D}.Release|Any CPU.Build.0 = Release|Any CPU
		{D5263804-AD2A-40E3-B656-5132255883A8}.Debug|Any CPU.ActiveCfg = Debug|Any CPU
		{D5263804-AD2A-40E3-B656-5132255883A8}.Debug|Any CPU.Build.0 = Debug|Any CPU
		{D5263804-AD2A-40E3-B656-5132255883A8}.Release|Any CPU.ActiveCfg = Release|Any CPU
		{D5263804-AD2A-40E3-B656-5132255883A8}.Release|Any CPU.Build.0 = Release|Any CPU
		{3769855C-E03E-44D7-B490-80975361937F}.Debug|Any CPU.ActiveCfg = Debug|Any CPU
		{3769855C-E03E-44D7-B490-80975361937F}.Debug|Any CPU.Build.0 = Debug|Any CPU
		{3769855C-E03E-44D7-B490-80975361937F}.Release|Any CPU.ActiveCfg = Release|Any CPU
		{3769855C-E03E-44D7-B490-80975361937F}.Release|Any CPU.Build.0 = Release|Any CPU
		{B374D4EC-C0ED-47F8-9896-A1513A81770A}.Debug|Any CPU.ActiveCfg = Debug|Any CPU
		{B374D4EC-C0ED-47F8-9896-A1513A81770A}.Debug|Any CPU.Build.0 = Debug|Any CPU
		{B374D4EC-C0ED-47F8-9896-A1513A81770A}.Release|Any CPU.ActiveCfg = Release|Any CPU
		{B374D4EC-C0ED-47F8-9896-A1513A81770A}.Release|Any CPU.Build.0 = Release|Any CPU
		{EA23D492-44B0-4FC2-8254-9F66AEA10ADF}.Debug|Any CPU.ActiveCfg = Debug|Any CPU
		{EA23D492-44B0-4FC2-8254-9F66AEA10ADF}.Debug|Any CPU.Build.0 = Debug|Any CPU
		{EA23D492-44B0-4FC2-8254-9F66AEA10ADF}.Release|Any CPU.ActiveCfg = Release|Any CPU
		{EA23D492-44B0-4FC2-8254-9F66AEA10ADF}.Release|Any CPU.Build.0 = Release|Any CPU
	EndGlobalSection
	GlobalSection(SolutionProperties) = preSolution
		HideSolutionNode = FALSE
	EndGlobalSection
EndGlobal
